{"catalogDigest":"sha256:d5f3e70d720275895b512e9ec5a8fc52ad6f35f96497249d6d3df27ccfad1e94","edition":"v0","extensions":[],"irDigest":"sha256:20a191b98c0cc869b129d65b0ae7b0203549ea9b8cabc5327cb4f98563e5f575","name":"local-marker","root":"main.mint","schema":"mint.lock/v0","units":[{"digest":"sha256:f785baae751b6ed34c15a84e12bd164a792ca547fa22a4c62f7596de26485930","path":"main.mint"}]}
